
Microsoft Visual Studio Solution File, Format Version 12.00
# Visual Studio Version 16
VisualStudioVersion = 16.0.31410.357
MinimumVisualStudioVersion = 10.0.40219.1
Project("{FAE04EC0-301F-11D3-BF4B-00C04F79EFBC}") = "webapirest", "webapirest\webapirest.csproj", "{EB086FEA-16B4-4125-900E-96336195D596}"
EndProject
Project("{FAE04EC0-301F-11D3-BF4B-00C04F79EFBC}") = "Conection", "Conection\Conection.csproj", "{571ED997-E2EE-4CBE-BA8E-1D2DD0F25E40}"
EndProject
Global
	GlobalSection(SolutionConfigurationPlatforms) = preSolution
		Debug|Any CPU = Debug|Any CPU
		Release|Any CPU = Release|Any CPU
	EndGlobalSection
	GlobalSection(ProjectConfigurationPlatforms) = postSolution
		{EB086FEA-16B4-4125-900E-96336195D596}.Debug|Any CPU.ActiveCfg = Debug|Any CPU
		{EB086FEA-16B4-4125-900E-96336195D596}.Debug|Any CPU.Build.0 = Debug|Any CPU
		{EB086FEA-16B4-4125-900E-96336195D596}.Release|Any CPU.ActiveCfg = Release|Any CPU
		{EB086FEA-16B4-4125-900E-96336195D596}.Release|Any CPU.Build.0 = Release|Any CPU
		{571ED997-E2EE-4CBE-BA8E-1D2DD0F25E40}.Debug|Any CPU.ActiveCfg = Debug|Any CPU
		{571ED997-E2EE-4CBE-BA8E-1D2DD0F25E40}.Debug|Any CPU.Build.0 = Debug|Any CPU
		{571ED997-E2EE-4CBE-BA8E-1D2DD0F25E40}.Release|Any CPU.ActiveCfg = Release|Any CPU
		{571ED997-E2EE-4CBE-BA8E-1D2DD0F25E40}.Release|Any CPU.Build.0 = Release|Any CPU
	EndGlobalSection
	GlobalSection(SolutionProperties) = preSolution
		HideSolutionNode = FALSE
	EndGlobalSection
	GlobalSection(ExtensibilityGlobals) = postSolution
		SolutionGuid = {3D2B3D3D-5C20-4181-967C-76645AF74755}
	EndGlobalSection
EndGlobal
